
Microsoft Visual Studio Solution File, Format Version 12.00
# Visual Studio Version 16
VisualStudioVersion = 16.0.29609.76
MinimumVisualStudioVersion = 10.0.40219.1
Project("{FAE04EC0-301F-11D3-BF4B-00C04F79EFBC}") = "ConsoleApp", "ConsoleApp\ConsoleApp.csproj", "{79584E52-71E4-45B6-A2BF-8631F387A585}"
EndProject
Global
	GlobalSection(SolutionConfigurationPlatforms) = preSolution
		Debug|Any CPU = Debug|Any CPU
		Release|Any CPU = Release|Any CPU
	EndGlobalSection
	GlobalSection(ProjectConfigurationPlatforms) = postSolution
		{79584E52-71E4-45B6-A2BF-8631F387A585}.Debug|Any CPU.ActiveCfg = Debug|Any CPU
		{79584E52-71E4-45B6-A2BF-8631F387A585}.Debug|Any CPU.Build.0 = Debug|Any CPU
		{79584E52-71E4-45B6-A2BF-8631F387A585}.Release|Any CPU.ActiveCfg = Release|Any CPU
		{79584E52-71E4-45B6-A2BF-8631F387A585}.Release|Any CPU.Build.0 = Release|Any CPU
	EndGlobalSection
	GlobalSection(SolutionProperties) = preSolution
		HideSolutionNode = FALSE
	EndGlobalSection
	GlobalSection(ExtensibilityGlobals) = postSolution
		SolutionGuid = {8099497F-57DD-4F15-8EB3-64A140F637D4}
	EndGlobalSection
EndGlobal
